
Microsoft Visual Studio Solution File, Format Version 12.00
# Visual Studio 14
VisualStudioVersion = 14.0.25123.0
MinimumVisualStudioVersion = 10.0.40219.1
Project("{FAE04EC0-301F-11D3-BF4B-00C04F79EFBC}") = "DP.20160418", "DP.20160418\DP.20160418.csproj", "{65EC3BE7-7B9C-4637-AA03-B4D7A35BF485}"
EndProject
Project("{FAE04EC0-301F-11D3-BF4B-00C04F79EFBC}") = "DP.20160418.Tests", "DP.20160418.Tests\DP.20160418.Tests.csproj", "{05F5A32A-1BF3-46E0-9988-7E5C4F010895}"
EndProject
Global
	GlobalSection(SolutionConfigurationPlatforms) = preSolution
		Debug|Any CPU = Debug|Any CPU
		Release|Any CPU = Release|Any CPU
	EndGlobalSection
	GlobalSection(ProjectConfigurationPlatforms) = postSolution
		{65EC3BE7-7B9C-4637-AA03-B4D7A35BF485}.Debug|Any CPU.ActiveCfg = Debug|Any CPU
		{65EC3BE7-7B9C-4637-AA03-B4D7A35BF485}.Debug|Any CPU.Build.0 = Debug|Any CPU
		{65EC3BE7-7B9C-4637-AA03-B4D7A35BF485}.Release|Any CPU.ActiveCfg = Release|Any CPU
		{65EC3BE7-7B9C-4637-AA03-B4D7A35BF485}.Release|Any CPU.Build.0 = Release|Any CPU
		{05F5A32A-1BF3-46E0-9988-7E5C4F010895}.Debug|Any CPU.ActiveCfg = Debug|Any CPU
		{05F5A32A-1BF3-46E0-9988-7E5C4F010895}.Debug|Any CPU.Build.0 = Debug|Any CPU
		{05F5A32A-1BF3-46E0-9988-7E5C4F010895}.Release|Any CPU.ActiveCfg = Release|Any CPU
		{05F5A32A-1BF3-46E0-9988-7E5C4F010895}.Release|Any CPU.Build.0 = Release|Any CPU
	EndGlobalSection
	GlobalSection(SolutionProperties) = preSolution
		HideSolutionNode = FALSE
	EndGlobalSection
EndGlobal
